
Microsoft Visual Studio Solution File, Format Version 12.00
# Visual Studio Version 17
VisualStudioVersion = 17.11.35312.102
MinimumVisualStudioVersion = 10.0.40219.1
Project("{8BC9CEB8-8B4A-11D0-8D11-00A0C91BC942}") = "P08", "P08\P08.vcxproj", "{B3DCA4AA-861A-4702-93A7-4A8B2D2ECA40}"
EndProject
Global
	GlobalSection(SolutionConfigurationPlatforms) = preSolution
		Debug|x64 = Debug|x64
		Debug|x86 = Debug|x86
		Release|x64 = Release|x64
		Release|x86 = Release|x86
	EndGlobalSection
	GlobalSection(ProjectConfigurationPlatforms) = postSolution
		{B3DCA4AA-861A-4702-93A7-4A8B2D2ECA40}.Debug|x64.ActiveCfg = Debug|x64
		{B3DCA4AA-861A-4702-93A7-4A8B2D2ECA40}.Debug|x64.Build.0 = Debug|x64
		{B3DCA4AA-861A-4702-93A7-4A8B2D2ECA40}.Debug|x86.ActiveCfg = Debug|Win32
		{B3DCA4AA-861A-4702-93A7-4A8B2D2ECA40}.Debug|x86.Build.0 = Debug|Win32
		{B3DCA4AA-861A-4702-93A7-4A8B2D2ECA40}.Release|x64.ActiveCfg = Release|x64
		{B3DCA4AA-861A-4702-93A7-4A8B2D2ECA40}.Release|x64.Build.0 = Release|x64
		{B3DCA4AA-861A-4702-93A7-4A8B2D2ECA40}.Release|x86.ActiveCfg = Release|Win32
		{B3DCA4AA-861A-4702-93A7-4A8B2D2ECA40}.Release|x86.Build.0 = Release|Win32
	EndGlobalSection
	GlobalSection(SolutionProperties) = preSolution
		HideSolutionNode = FALSE
	EndGlobalSection
	GlobalSection(ExtensibilityGlobals) = postSolution
		SolutionGuid = {D8E007CD-CBB3-4552-B899-E7AE6DCE84D7}
	EndGlobalSection
EndGlobal
